name: Lock threads

on:
  schedule:
    - cron: '0 0 * * *'

jobs:
  lock:
    runs-on: docker
    container:
      image: redemonbr/android-sdk:node-next
      variables:
        ASDK_ACCEPT_LICENSES: "yes"
        ASDK_ACCEPT_LICENSES_SILENT: "yes"
    steps:
      - name: Lock Threads after a period of inactivity
        uses: https://github.com/dessant/lock-threads@v5
        with:
          github-token: ${{ github.token }}
          issue-inactive-days: '2'
          pr-inactive-days: '2'
